
Microsoft Visual Studio Solution File, Format Version 12.00
# Visual Studio 15
VisualStudioVersion = 15.0.28010.2046
MinimumVisualStudioVersion = 10.0.40219.1
Project("{9A19103F-16F7-4668-BE54-9A1E7A4F7556}") = "DataFilters", "src\DataFilters\DataFilters.csproj", "{9AFCB995-FC9F-492A-86C8-00A40664B76E}"
EndProject
Project("{2150E333-8FDC-42A3-9474-1A3956D46DE8}") = "src", "src", "{A3AD4940-4FD5-4DA8-B207-36A5DE22EC8E}"
EndProject
Project("{2150E333-8FDC-42A3-9474-1A3956D46DE8}") = "test", "test", "{D0CE23E3-5516-4A96-B70B-AA26C60E823F}"
EndProject
Project("{9A19103F-16F7-4668-BE54-9A1E7A4F7556}") = "DataFilters.UnitTests", "test\DataFilters.UnitTests\DataFilters.UnitTests.csproj", "{31CB50DD-2699-4117-B2A4-2806BD624D61}"
EndProject
Project("{2150E333-8FDC-42A3-9474-1A3956D46DE8}") = "Solution Items", "Solution Items", "{70099B24-D56E-4CDA-9839-C4DBA6F2FE8F}"
	ProjectSection(SolutionItems) = preProject
		.gitignore = .gitignore
		global.json = global.json
		Nuget.config = Nuget.config
		README.md = README.md
	EndProjectSection
EndProject
Project("{FAE04EC0-301F-11D3-BF4B-00C04F79EFBC}") = "Datafilters.Expressions", "src\Datafilters.Expressions\Datafilters.Expressions.csproj", "{5AEA3AA1-F224-4DDA-A03E-10A185CF30F6}"
EndProject
Project("{FAE04EC0-301F-11D3-BF4B-00C04F79EFBC}") = "DataFilters.Expressions.UnitTests", "test\DataFilters.Expressions.UnitTests\DataFilters.Expressions.UnitTests.csproj", "{B488C4CC-8414-418B-9C58-7A03C9729238}"
EndProject
Global
	GlobalSection(SolutionConfigurationPlatforms) = preSolution
		Debug|Any CPU = Debug|Any CPU
		Release|Any CPU = Release|Any CPU
	EndGlobalSection
	GlobalSection(ProjectConfigurationPlatforms) = postSolution
		{9AFCB995-FC9F-492A-86C8-00A40664B76E}.Debug|Any CPU.ActiveCfg = Debug|Any CPU
		{9AFCB995-FC9F-492A-86C8-00A40664B76E}.Debug|Any CPU.Build.0 = Debug|Any CPU
		{9AFCB995-FC9F-492A-86C8-00A40664B76E}.Release|Any CPU.ActiveCfg = Release|Any CPU
		{9AFCB995-FC9F-492A-86C8-00A40664B76E}.Release|Any CPU.Build.0 = Release|Any CPU
		{31CB50DD-2699-4117-B2A4-2806BD624D61}.Debug|Any CPU.ActiveCfg = Debug|Any CPU
		{31CB50DD-2699-4117-B2A4-2806BD624D61}.Debug|Any CPU.Build.0 = Debug|Any CPU
		{31CB50DD-2699-4117-B2A4-2806BD624D61}.Release|Any CPU.ActiveCfg = Release|Any CPU
		{31CB50DD-2699-4117-B2A4-2806BD624D61}.Release|Any CPU.Build.0 = Release|Any CPU
		{5AEA3AA1-F224-4DDA-A03E-10A185CF30F6}.Debug|Any CPU.ActiveCfg = Debug|Any CPU
		{5AEA3AA1-F224-4DDA-A03E-10A185CF30F6}.Debug|Any CPU.Build.0 = Debug|Any CPU
		{5AEA3AA1-F224-4DDA-A03E-10A185CF30F6}.Release|Any CPU.ActiveCfg = Release|Any CPU
		{5AEA3AA1-F224-4DDA-A03E-10A185CF30F6}.Release|Any CPU.Build.0 = Release|Any CPU
		{B488C4CC-8414-418B-9C58-7A03C9729238}.Debug|Any CPU.ActiveCfg = Debug|Any CPU
		{B488C4CC-8414-418B-9C58-7A03C9729238}.Debug|Any CPU.Build.0 = Debug|Any CPU
		{B488C4CC-8414-418B-9C58-7A03C9729238}.Release|Any CPU.ActiveCfg = Release|Any CPU
		{B488C4CC-8414-418B-9C58-7A03C9729238}.Release|Any CPU.Build.0 = Release|Any CPU
	EndGlobalSection
	GlobalSection(SolutionProperties) = preSolution
		HideSolutionNode = FALSE
	EndGlobalSection
	GlobalSection(NestedProjects) = preSolution
		{9AFCB995-FC9F-492A-86C8-00A40664B76E} = {A3AD4940-4FD5-4DA8-B207-36A5DE22EC8E}
		{31CB50DD-2699-4117-B2A4-2806BD624D61} = {D0CE23E3-5516-4A96-B70B-AA26C60E823F}
		{5AEA3AA1-F224-4DDA-A03E-10A185CF30F6} = {A3AD4940-4FD5-4DA8-B207-36A5DE22EC8E}
		{B488C4CC-8414-418B-9C58-7A03C9729238} = {D0CE23E3-5516-4A96-B70B-AA26C60E823F}
	EndGlobalSection
	GlobalSection(ExtensibilityGlobals) = postSolution
		SolutionGuid = {C91610A1-3BAC-4C7B-A4C1-0B95652A7931}
	EndGlobalSection
EndGlobal
