
Microsoft Visual Studio Solution File, Format Version 12.00
# Visual Studio 15
VisualStudioVersion = 15.0.28010.2046
MinimumVisualStudioVersion = 10.0.40219.1
Project("{FAE04EC0-301F-11D3-BF4B-00C04F79EFBC}") = "DataFilters", "DataFilters\DataFilters.csproj", "{10324AF3-6D2E-4BE8-A610-D5EBA79DEFA9}"
EndProject
Global
	GlobalSection(SolutionConfigurationPlatforms) = preSolution
		Debug|Any CPU = Debug|Any CPU
		Release|Any CPU = Release|Any CPU
	EndGlobalSection
	GlobalSection(ProjectConfigurationPlatforms) = postSolution
		{10324AF3-6D2E-4BE8-A610-D5EBA79DEFA9}.Debug|Any CPU.ActiveCfg = Debug|Any CPU
		{10324AF3-6D2E-4BE8-A610-D5EBA79DEFA9}.Debug|Any CPU.Build.0 = Debug|Any CPU
		{10324AF3-6D2E-4BE8-A610-D5EBA79DEFA9}.Release|Any CPU.ActiveCfg = Release|Any CPU
		{10324AF3-6D2E-4BE8-A610-D5EBA79DEFA9}.Release|Any CPU.Build.0 = Release|Any CPU
	EndGlobalSection
	GlobalSection(SolutionProperties) = preSolution
		HideSolutionNode = FALSE
	EndGlobalSection
	GlobalSection(ExtensibilityGlobals) = postSolution
		SolutionGuid = {C91610A1-3BAC-4C7B-A4C1-0B95652A7931}
	EndGlobalSection
EndGlobal
