
Microsoft Visual Studio Solution File, Format Version 12.00
# Visual Studio Version 16
VisualStudioVersion = 16.0.29324.140
MinimumVisualStudioVersion = 10.0.40219.1
Project("{9A19103F-16F7-4668-BE54-9A1E7A4F7556}") = "DataFilters", "src\DataFilters\DataFilters.csproj", "{9AFCB995-FC9F-492A-86C8-00A40664B76E}"
EndProject
Project("{2150E333-8FDC-42A3-9474-1A3956D46DE8}") = "src", "src", "{A3AD4940-4FD5-4DA8-B207-36A5DE22EC8E}"
EndProject
Project("{2150E333-8FDC-42A3-9474-1A3956D46DE8}") = "test", "test", "{D0CE23E3-5516-4A96-B70B-AA26C60E823F}"
EndProject
Project("{9A19103F-16F7-4668-BE54-9A1E7A4F7556}") = "DataFilters.UnitTests", "test\DataFilters.UnitTests\DataFilters.UnitTests.csproj", "{31CB50DD-2699-4117-B2A4-2806BD624D61}"
EndProject
Project("{2150E333-8FDC-42A3-9474-1A3956D46DE8}") = "Solution Items", "Solution Items", "{70099B24-D56E-4CDA-9839-C4DBA6F2FE8F}"
	ProjectSection(SolutionItems) = preProject
		.editorconfig = .editorconfig
		.gitignore = .gitignore
		CHANGELOG.md = CHANGELOG.md
		core.props = core.props
		global.json = global.json
		LICENSE = LICENSE
		Nuget.config = Nuget.config
		README.md = README.md
		tests.props = tests.props
	EndProjectSection
EndProject
Project("{9A19103F-16F7-4668-BE54-9A1E7A4F7556}") = "DataFilters.Expressions", "src\Datafilters.Expressions\DataFilters.Expressions.csproj", "{5AEA3AA1-F224-4DDA-A03E-10A185CF30F6}"
EndProject
Project("{9A19103F-16F7-4668-BE54-9A1E7A4F7556}") = "DataFilters.Expressions.UnitTests", "test\DataFilters.Expressions.UnitTests\DataFilters.Expressions.UnitTests.csproj", "{B488C4CC-8414-418B-9C58-7A03C9729238}"
EndProject
Project("{9A19103F-16F7-4668-BE54-9A1E7A4F7556}") = "DataFilters.Queries.UnitTests", "test\DataFilters.Queries.UnitTests\DataFilters.Queries.UnitTests.csproj", "{222A254D-7105-45CF-843B-1F4D1E4CD56B}"
EndProject
Project("{9A19103F-16F7-4668-BE54-9A1E7A4F7556}") = "DataFilters.Queries", "src\DataFilters.Queries\DataFilters.Queries.csproj", "{810E8E8B-9900-4C42-9391-306246CD166A}"
EndProject
Project("{9A19103F-16F7-4668-BE54-9A1E7A4F7556}") = "_build", "build\_build.csproj", "{BAD421FA-40A8-4CBB-AFC5-4EDA9CF537BD}"
EndProject
Project("{9A19103F-16F7-4668-BE54-9A1E7A4F7556}") = "DataFilters.TestObjects", "test\DataFilters.TestObjects\DataFilters.TestObjects.csproj", "{2AE1C53E-17BE-4E6D-BFDE-C659BA74046C}"
EndProject
Project("{2150E333-8FDC-42A3-9474-1A3956D46DE8}") = ".github", ".github", "{D5276318-323B-4EB9-A143-6C7154D8F01B}"
EndProject
Project("{2150E333-8FDC-42A3-9474-1A3956D46DE8}") = "ISSUE_TEMPLATE", "ISSUE_TEMPLATE", "{D9057B44-29C0-48A5-A93B-F06F00C27DC6}"
	ProjectSection(SolutionItems) = preProject
		.github\ISSUE_TEMPLATE\bug_report.md = .github\ISSUE_TEMPLATE\bug_report.md
		.github\ISSUE_TEMPLATE\feature_request.md = .github\ISSUE_TEMPLATE\feature_request.md
	EndProjectSection
EndProject
Global
	GlobalSection(SolutionConfigurationPlatforms) = preSolution
		Debug|Any CPU = Debug|Any CPU
		Release|Any CPU = Release|Any CPU
	EndGlobalSection
	GlobalSection(ProjectConfigurationPlatforms) = postSolution
		{9AFCB995-FC9F-492A-86C8-00A40664B76E}.Debug|Any CPU.ActiveCfg = Debug|Any CPU
		{9AFCB995-FC9F-492A-86C8-00A40664B76E}.Debug|Any CPU.Build.0 = Debug|Any CPU
		{9AFCB995-FC9F-492A-86C8-00A40664B76E}.Release|Any CPU.ActiveCfg = Release|Any CPU
		{9AFCB995-FC9F-492A-86C8-00A40664B76E}.Release|Any CPU.Build.0 = Release|Any CPU
		{31CB50DD-2699-4117-B2A4-2806BD624D61}.Debug|Any CPU.ActiveCfg = Debug|Any CPU
		{31CB50DD-2699-4117-B2A4-2806BD624D61}.Debug|Any CPU.Build.0 = Debug|Any CPU
		{31CB50DD-2699-4117-B2A4-2806BD624D61}.Release|Any CPU.ActiveCfg = Release|Any CPU
		{31CB50DD-2699-4117-B2A4-2806BD624D61}.Release|Any CPU.Build.0 = Release|Any CPU
		{5AEA3AA1-F224-4DDA-A03E-10A185CF30F6}.Debug|Any CPU.ActiveCfg = Debug|Any CPU
		{5AEA3AA1-F224-4DDA-A03E-10A185CF30F6}.Debug|Any CPU.Build.0 = Debug|Any CPU
		{5AEA3AA1-F224-4DDA-A03E-10A185CF30F6}.Release|Any CPU.ActiveCfg = Release|Any CPU
		{5AEA3AA1-F224-4DDA-A03E-10A185CF30F6}.Release|Any CPU.Build.0 = Release|Any CPU
		{B488C4CC-8414-418B-9C58-7A03C9729238}.Debug|Any CPU.ActiveCfg = Debug|Any CPU
		{B488C4CC-8414-418B-9C58-7A03C9729238}.Debug|Any CPU.Build.0 = Debug|Any CPU
		{B488C4CC-8414-418B-9C58-7A03C9729238}.Release|Any CPU.ActiveCfg = Release|Any CPU
		{B488C4CC-8414-418B-9C58-7A03C9729238}.Release|Any CPU.Build.0 = Release|Any CPU
		{222A254D-7105-45CF-843B-1F4D1E4CD56B}.Debug|Any CPU.ActiveCfg = Debug|Any CPU
		{222A254D-7105-45CF-843B-1F4D1E4CD56B}.Debug|Any CPU.Build.0 = Debug|Any CPU
		{222A254D-7105-45CF-843B-1F4D1E4CD56B}.Release|Any CPU.ActiveCfg = Release|Any CPU
		{222A254D-7105-45CF-843B-1F4D1E4CD56B}.Release|Any CPU.Build.0 = Release|Any CPU
		{810E8E8B-9900-4C42-9391-306246CD166A}.Debug|Any CPU.ActiveCfg = Debug|Any CPU
		{810E8E8B-9900-4C42-9391-306246CD166A}.Debug|Any CPU.Build.0 = Debug|Any CPU
		{810E8E8B-9900-4C42-9391-306246CD166A}.Release|Any CPU.ActiveCfg = Release|Any CPU
		{810E8E8B-9900-4C42-9391-306246CD166A}.Release|Any CPU.Build.0 = Release|Any CPU
		{BAD421FA-40A8-4CBB-AFC5-4EDA9CF537BD}.Debug|Any CPU.ActiveCfg = Debug|Any CPU
		{BAD421FA-40A8-4CBB-AFC5-4EDA9CF537BD}.Release|Any CPU.ActiveCfg = Release|Any CPU
		{2AE1C53E-17BE-4E6D-BFDE-C659BA74046C}.Debug|Any CPU.ActiveCfg = Debug|Any CPU
		{2AE1C53E-17BE-4E6D-BFDE-C659BA74046C}.Debug|Any CPU.Build.0 = Debug|Any CPU
		{2AE1C53E-17BE-4E6D-BFDE-C659BA74046C}.Release|Any CPU.ActiveCfg = Release|Any CPU
		{2AE1C53E-17BE-4E6D-BFDE-C659BA74046C}.Release|Any CPU.Build.0 = Release|Any CPU
	EndGlobalSection
	GlobalSection(SolutionProperties) = preSolution
		HideSolutionNode = FALSE
	EndGlobalSection
	GlobalSection(NestedProjects) = preSolution
		{9AFCB995-FC9F-492A-86C8-00A40664B76E} = {A3AD4940-4FD5-4DA8-B207-36A5DE22EC8E}
		{31CB50DD-2699-4117-B2A4-2806BD624D61} = {D0CE23E3-5516-4A96-B70B-AA26C60E823F}
		{5AEA3AA1-F224-4DDA-A03E-10A185CF30F6} = {A3AD4940-4FD5-4DA8-B207-36A5DE22EC8E}
		{B488C4CC-8414-418B-9C58-7A03C9729238} = {D0CE23E3-5516-4A96-B70B-AA26C60E823F}
		{222A254D-7105-45CF-843B-1F4D1E4CD56B} = {D0CE23E3-5516-4A96-B70B-AA26C60E823F}
		{810E8E8B-9900-4C42-9391-306246CD166A} = {A3AD4940-4FD5-4DA8-B207-36A5DE22EC8E}
		{2AE1C53E-17BE-4E6D-BFDE-C659BA74046C} = {D0CE23E3-5516-4A96-B70B-AA26C60E823F}
		{D5276318-323B-4EB9-A143-6C7154D8F01B} = {70099B24-D56E-4CDA-9839-C4DBA6F2FE8F}
		{D9057B44-29C0-48A5-A93B-F06F00C27DC6} = {D5276318-323B-4EB9-A143-6C7154D8F01B}
	EndGlobalSection
	GlobalSection(ExtensibilityGlobals) = postSolution
		SolutionGuid = {C91610A1-3BAC-4C7B-A4C1-0B95652A7931}
	EndGlobalSection
EndGlobal
